// !$*UTF8*$!
{
	archiveVersion = 1;
	classes = {
	};
	objectVersion = 56;
	objects = {

/* Begin PBXBuildFile section */
		2E3748162994078A005A6DBE /* AppDelegate.swift in Sources */ = {isa = PBXBuildFile; fileRef = 2E3748152994078A005A6DBE /* AppDelegate.swift */; };
		2E3748182994078A005A6DBE /* SceneDelegate.swift in Sources */ = {isa = PBXBuildFile; fileRef = 2E3748172994078A005A6DBE /* SceneDelegate.swift */; };
		2E37481A2994078A005A6DBE /* ViewController.swift in Sources */ = {isa = PBXBuildFile; fileRef = 2E3748192994078A005A6DBE /* ViewController.swift */; };
		2E37481F2994078B005A6DBE /* Assets.xcassets in Resources */ = {isa = PBXBuildFile; fileRef = 2E37481E2994078B005A6DBE /* Assets.xcassets */; };
		2E3748222994078B005A6DBE /* LaunchScreen.storyboard in Resources */ = {isa = PBXBuildFile; fileRef = 2E3748202994078B005A6DBE /* LaunchScreen.storyboard */; };
		2E57D7C02994A5A400B33CCE /* Alert.swift in Sources */ = {isa = PBXBuildFile; fileRef = 2E57D7BF2994A5A400B33CCE /* Alert.swift */; };
		2E57D7C22995037C00B33CCE /* Constraints.swift in Sources */ = {isa = PBXBuildFile; fileRef = 2E57D7C12995037C00B33CCE /* Constraints.swift */; };
/* End PBXBuildFile section */

/* Begin PBXFileReference section */
		2E3748122994078A005A6DBE /* MapRouteApp.app */ = {isa = PBXFileReference; explicitFileType = wrapper.application; includeInIndex = 0; path = MapRouteApp.app; sourceTree = BUILT_PRODUCTS_DIR; };
		2E3748152994078A005A6DBE /* AppDelegate.swift */ = {isa = PBXFileReference; lastKnownFileType = sourcecode.swift; path = AppDelegate.swift; sourceTree = "<group>"; };
		2E3748172994078A005A6DBE /* SceneDelegate.swift */ = {isa = PBXFileReference; lastKnownFileType = sourcecode.swift; path = SceneDelegate.swift; sourceTree = "<group>"; };
		2E3748192994078A005A6DBE /* ViewController.swift */ = {isa = PBXFileReference; lastKnownFileType = sourcecode.swift; path = ViewController.swift; sourceTree = "<group>"; };
		2E37481E2994078B005A6DBE /* Assets.xcassets */ = {isa = PBXFileReference; lastKnownFileType = folder.assetcatalog; path = Assets.xcassets; sourceTree = "<group>"; };
		2E3748212994078B005A6DBE /* Base */ = {isa = PBXFileReference; lastKnownFileType = file.storyboard; name = Base; path = Base.lproj/LaunchScreen.storyboard; sourceTree = "<group>"; };
		2E3748232994078B005A6DBE /* Info.plist */ = {isa = PBXFileReference; lastKnownFileType = text.plist.xml; path = Info.plist; sourceTree = "<group>"; };
		2E57D7BF2994A5A400B33CCE /* Alert.swift */ = {isa = PBXFileReference; lastKnownFileType = sourcecode.swift; path = Alert.swift; sourceTree = "<group>"; };
		2E57D7C12995037C00B33CCE /* Constraints.swift */ = {isa = PBXFileReference; lastKnownFileType = sourcecode.swift; path = Constraints.swift; sourceTree = "<group>"; };
/* End PBXFileReference section */

/* Begin PBXFrameworksBuildPhase section */
		2E37480F2994078A005A6DBE /* Frameworks */ = {
			isa = PBXFrameworksBuildPhase;
			buildActionMask = 2147483647;
			files = (
			);
			runOnlyForDeploymentPostprocessing = 0;
		};
/* End PBXFrameworksBuildPhase section */

/* Begin PBXGroup section */
		2E3748092994078A005A6DBE = {
			isa = PBXGroup;
			children = (
				2E3748142994078A005A6DBE /* MapRouteApp */,
				2E3748132994078A005A6DBE /* Products */,
			);
			sourceTree = "<group>";
		};
		2E3748132994078A005A6DBE /* Products */ = {
			isa = PBXGroup;
			children = (
				2E3748122994078A005A6DBE /* MapRouteApp.app */,
			);
			name = Products;
			sourceTree = "<group>";
		};
		2E3748142994078A005A6DBE /* MapRouteApp */ = {
			isa = PBXGroup;
			children = (
				2E57D7BD2994A57B00B33CCE /* MainModule */,
				2E57D7BB2994A54B00B33CCE /* Resources */,
				2E57D7BA2994A53600B33CCE /* Delegates */,
				2E3748232994078B005A6DBE /* Info.plist */,
			);
			path = MapRouteApp;
			sourceTree = "<group>";
		};
		2E57D7B92994A52600B33CCE /* Controller */ = {
			isa = PBXGroup;
			children = (
				2E3748192994078A005A6DBE /* ViewController.swift */,
			);
			path = Controller;
			sourceTree = "<group>";
		};
		2E57D7BA2994A53600B33CCE /* Delegates */ = {
			isa = PBXGroup;
			children = (
				2E3748152994078A005A6DBE /* AppDelegate.swift */,
				2E3748172994078A005A6DBE /* SceneDelegate.swift */,
			);
			path = Delegates;
			sourceTree = "<group>";
		};
		2E57D7BB2994A54B00B33CCE /* Resources */ = {
			isa = PBXGroup;
			children = (
				2E37481E2994078B005A6DBE /* Assets.xcassets */,
			);
			name = Resources;
			sourceTree = "<group>";
		};
		2E57D7BC2994A56100B33CCE /* Views */ = {
			isa = PBXGroup;
			children = (
				2E3748202994078B005A6DBE /* LaunchScreen.storyboard */,
			);
			path = Views;
			sourceTree = "<group>";
		};
		2E57D7BD2994A57B00B33CCE /* MainModule */ = {
			isa = PBXGroup;
			children = (
				2E57D7BE2994A59400B33CCE /* Extensions  */,
				2E57D7B92994A52600B33CCE /* Controller */,
				2E57D7BC2994A56100B33CCE /* Views */,
				2E57D7C7299553E700B33CCE /* Managers */,
			);
			name = MainModule;
			sourceTree = "<group>";
		};
		2E57D7BE2994A59400B33CCE /* Extensions  */ = {
			isa = PBXGroup;
			children = (
				2E57D7BF2994A5A400B33CCE /* Alert.swift */,
				2E57D7C12995037C00B33CCE /* Constraints.swift */,
			);
			path = "Extensions ";
			sourceTree = "<group>";
		};
		2E57D7C7299553E700B33CCE /* Managers */ = {
			isa = PBXGroup;
			children = (
			);
			name = Managers;
			sourceTree = "<group>";
		};
/* End PBXGroup section */

/* Begin PBXNativeTarget section */
		2E3748112994078A005A6DBE /* MapRouteApp */ = {
			isa = PBXNativeTarget;
			buildConfigurationList = 2E3748262994078B005A6DBE /* Build configuration list for PBXNativeTarget "MapRouteApp" */;
			buildPhases = (
				2E37480E2994078A005A6DBE /* Sources */,
				2E37480F2994078A005A6DBE /* Frameworks */,
				2E3748102994078A005A6DBE /* Resources */,
			);
			buildRules = (
			);
			dependencies = (
			);
			name = MapRouteApp;
			productName = MapRouteApp;
			productReference = 2E3748122994078A005A6DBE /* MapRouteApp.app */;
			productType = "com.apple.product-type.application";
		};
/* End PBXNativeTarget section */

/* Begin PBXProject section */
		2E37480A2994078A005A6DBE /* Project object */ = {
			isa = PBXProject;
			attributes = {
				BuildIndependentTargetsInParallel = 1;
				LastSwiftUpdateCheck = 1400;
				LastUpgradeCheck = 1400;
				TargetAttributes = {
					2E3748112994078A005A6DBE = {
						CreatedOnToolsVersion = 14.0.1;
					};
				};
			};
			buildConfigurationList = 2E37480D2994078A005A6DBE /* Build configuration list for PBXProject "MapRouteApp" */;
			compatibilityVersion = "Xcode 14.0";
			developmentRegion = en;
			hasScannedForEncodings = 0;
			knownRegions = (
				en,
				Base,
			);
			mainGroup = 2E3748092994078A005A6DBE;
			productRefGroup = 2E3748132994078A005A6DBE /* Products */;
			projectDirPath = "";
			projectRoot = "";
			targets = (
				2E3748112994078A005A6DBE /* MapRouteApp */,
			);
		};
/* End PBXProject section */

/* Begin PBXResourcesBuildPhase section */
		2E3748102994078A005A6DBE /* Resources */ = {
			isa = PBXResourcesBuildPhase;
			buildActionMask = 2147483647;
			files = (
				2E3748222994078B005A6DBE /* LaunchScreen.storyboard in Resources */,
				2E37481F2994078B005A6DBE /* Assets.xcassets in Resources */,
			);
			runOnlyForDeploymentPostprocessing = 0;
		};
/* End PBXResourcesBuildPhase section */

/* Begin PBXSourcesBuildPhase section */
		2E37480E2994078A005A6DBE /* Sources */ = {
			isa = PBXSourcesBuildPhase;
			buildActionMask = 2147483647;
			files = (
				2E37481A2994078A005A6DBE /* ViewController.swift in Sources */,
				2E3748162994078A005A6DBE /* AppDelegate.swift in Sources */,
				2E57D7C22995037C00B33CCE /* Constraints.swift in Sources */,
				2E57D7C02994A5A400B33CCE /* Alert.swift in Sources */,
				2E3748182994078A005A6DBE /* SceneDelegate.swift in Sources */,
			);
			runOnlyForDeploymentPostprocessing = 0;
		};
/* End PBXSourcesBuildPhase section */

/* Begin PBXVariantGroup section */
		2E3748202994078B005A6DBE /* LaunchScreen.storyboard */ = {
			isa = PBXVariantGroup;
			children = (
				2E3748212994078B005A6DBE /* Base */,
			);
			name = LaunchScreen.storyboard;
			sourceTree = "<group>";
		};
/* End PBXVariantGroup section */

/* Begin XCBuildConfiguration section */
		2E3748242994078B005A6DBE /* Debug */ = {
			isa = XCBuildConfiguration;
			buildSettings = {
				ALWAYS_SEARCH_USER_PATHS = NO;
				CLANG_ANALYZER_NONNULL = YES;
				CLANG_ANALYZER_NUMBER_OBJECT_CONVERSION = YES_AGGRESSIVE;
				CLANG_CXX_LANGUAGE_STANDARD = "gnu++20";
				CLANG_ENABLE_MODULES = YES;
				CLANG_ENABLE_OBJC_ARC = YES;
				CLANG_ENABLE_OBJC_WEAK = YES;
				CLANG_WARN_BLOCK_CAPTURE_AUTORELEASING = YES;
				CLANG_WARN_BOOL_CONVERSION = YES;
				CLANG_WARN_COMMA = YES;
				CLANG_WARN_CONSTANT_CONVERSION = YES;
				CLANG_WARN_DEPRECATED_OBJC_IMPLEMENTATIONS = YES;
				CLANG_WARN_DIRECT_OBJC_ISA_USAGE = YES_ERROR;
				CLANG_WARN_DOCUMENTATION_COMMENTS = YES;
				CLANG_WARN_EMPTY_BODY = YES;
				CLANG_WARN_ENUM_CONVERSION = YES;
				CLANG_WARN_INFINITE_RECURSION = YES;
				CLANG_WARN_INT_CONVERSION = YES;
				CLANG_WARN_NON_LITERAL_NULL_CONVERSION = YES;
				CLANG_WARN_OBJC_IMPLICIT_RETAIN_SELF = YES;
				CLANG_WARN_OBJC_LITERAL_CONVERSION = YES;
				CLANG_WARN_OBJC_ROOT_CLASS = YES_ERROR;
				CLANG_WARN_QUOTED_INCLUDE_IN_FRAMEWORK_HEADER = YES;
				CLANG_WARN_RANGE_LOOP_ANALYSIS = YES;
				CLANG_WARN_STRICT_PROTOTYPES = YES;
				CLANG_WARN_SUSPICIOUS_MOVE = YES;
				CLANG_WARN_UNGUARDED_AVAILABILITY = YES_AGGRESSIVE;
				CLANG_WARN_UNREACHABLE_CODE = YES;
				CLANG_WARN__DUPLICATE_METHOD_MATCH = YES;
				COPY_PHASE_STRIP = NO;
				DEBUG_INFORMATION_FORMAT = dwarf;
				ENABLE_STRICT_OBJC_MSGSEND = YES;
				ENABLE_TESTABILITY = YES;
				GCC_C_LANGUAGE_STANDARD = gnu11;
				GCC_DYNAMIC_NO_PIC = NO;
				GCC_NO_COMMON_BLOCKS = YES;
				GCC_OPTIMIZATION_LEVEL = 0;
				GCC_PREPROCESSOR_DEFINITIONS = (
					"DEBUG=1",
					"$(inherited)",
				);
				GCC_WARN_64_TO_32_BIT_CONVERSION = YES;
				GCC_WARN_ABOUT_RETURN_TYPE = YES_ERROR;
				GCC_WARN_UNDECLARED_SELECTOR = YES;
				GCC_WARN_UNINITIALIZED_AUTOS = YES_AGGRESSIVE;
				GCC_WARN_UNUSED_FUNCTION = YES;
				GCC_WARN_UNUSED_VARIABLE = YES;
				IPHONEOS_DEPLOYMENT_TARGET = 15.0;
				MTL_ENABLE_DEBUG_INFO = INCLUDE_SOURCE;
				MTL_FAST_MATH = YES;
				ONLY_ACTIVE_ARCH = YES;
				SDKROOT = iphoneos;
				SWIFT_ACTIVE_COMPILATION_CONDITIONS = DEBUG;
				SWIFT_OPTIMIZATION_LEVEL = "-Onone";
			};
			name = Debug;
		};
		2E3748252994078B005A6DBE /* Release */ = {
			isa = XCBuildConfiguration;
			buildSettings = {
				ALWAYS_SEARCH_USER_PATHS = NO;
				CLANG_ANALYZER_NONNULL = YES;
				CLANG_ANALYZER_NUMBER_OBJECT_CONVERSION = YES_AGGRESSIVE;
				CLANG_CXX_LANGUAGE_STANDARD = "gnu++20";
				CLANG_ENABLE_MODULES = YES;
				CLANG_ENABLE_OBJC_ARC = YES;
				CLANG_ENABLE_OBJC_WEAK = YES;
				CLANG_WARN_BLOCK_CAPTURE_AUTORELEASING = YES;
				CLANG_WARN_BOOL_CONVERSION = YES;
				CLANG_WARN_COMMA = YES;
				CLANG_WARN_CONSTANT_CONVERSION = YES;
				CLANG_WARN_DEPRECATED_OBJC_IMPLEMENTATIONS = YES;
				CLANG_WARN_DIRECT_OBJC_ISA_USAGE = YES_ERROR;
				CLANG_WARN_DOCUMENTATION_COMMENTS = YES;
				CLANG_WARN_EMPTY_BODY = YES;
				CLANG_WARN_ENUM_CONVERSION = YES;
				CLANG_WARN_INFINITE_RECURSION = YES;
				CLANG_WARN_INT_CONVERSION = YES;
				CLANG_WARN_NON_LITERAL_NULL_CONVERSION = YES;
				CLANG_WARN_OBJC_IMPLICIT_RETAIN_SELF = YES;
				CLANG_WARN_OBJC_LITERAL_CONVERSION = YES;
				CLANG_WARN_OBJC_ROOT_CLASS = YES_ERROR;
				CLANG_WARN_QUOTED_INCLUDE_IN_FRAMEWORK_HEADER = YES;
				CLANG_WARN_RANGE_LOOP_ANALYSIS = YES;
				CLANG_WARN_STRICT_PROTOTYPES = YES;
				CLANG_WARN_SUSPICIOUS_MOVE = YES;
				CLANG_WARN_UNGUARDED_AVAILABILITY = YES_AGGRESSIVE;
				CLANG_WARN_UNREACHABLE_CODE = YES;
				CLANG_WARN__DUPLICATE_METHOD_MATCH = YES;
				COPY_PHASE_STRIP = NO;
				DEBUG_INFORMATION_FORMAT = "dwarf-with-dsym";
				ENABLE_NS_ASSERTIONS = NO;
				ENABLE_STRICT_OBJC_MSGSEND = YES;
				GCC_C_LANGUAGE_STANDARD = gnu11;
				GCC_NO_COMMON_BLOCKS = YES;
				GCC_WARN_64_TO_32_BIT_CONVERSION = YES;
				GCC_WARN_ABOUT_RETURN_TYPE = YES_ERROR;
				GCC_WARN_UNDECLARED_SELECTOR = YES;
				GCC_WARN_UNINITIALIZED_AUTOS = YES_AGGRESSIVE;
				GCC_WARN_UNUSED_FUNCTION = YES;
				GCC_WARN_UNUSED_VARIABLE = YES;
				IPHONEOS_DEPLOYMENT_TARGET = 15.0;
				MTL_ENABLE_DEBUG_INFO = NO;
				MTL_FAST_MATH = YES;
				SDKROOT = iphoneos;
				SWIFT_COMPILATION_MODE = wholemodule;
				SWIFT_OPTIMIZATION_LEVEL = "-O";
				VALIDATE_PRODUCT = YES;
			};
			name = Release;
		};
		2E3748272994078B005A6DBE /* Debug */ = {
			isa = XCBuildConfiguration;
			buildSettings = {
				ASSETCATALOG_COMPILER_APPICON_NAME = AppIcon;
				ASSETCATALOG_COMPILER_GLOBAL_ACCENT_COLOR_NAME = AccentColor;
				CODE_SIGN_STYLE = Automatic;
				CURRENT_PROJECT_VERSION = 1;
				DEVELOPMENT_TEAM = N2GA73W9DP;
				GENERATE_INFOPLIST_FILE = YES;
				INFOPLIST_FILE = MapRouteApp/Info.plist;
				INFOPLIST_KEY_UIApplicationSupportsIndirectInputEvents = YES;
				INFOPLIST_KEY_UILaunchStoryboardName = LaunchScreen;
				INFOPLIST_KEY_UISupportedInterfaceOrientations = UIInterfaceOrientationPortrait;
				INFOPLIST_KEY_UISupportedInterfaceOrientations_iPad = "UIInterfaceOrientationLandscapeLeft UIInterfaceOrientationLandscapeRight UIInterfaceOrientationPortrait UIInterfaceOrientationPortraitUpsideDown";
				IPHONEOS_DEPLOYMENT_TARGET = 15.0;
				LD_RUNPATH_SEARCH_PATHS = (
					"$(inherited)",
					"@executable_path/Frameworks",
				);
				MARKETING_VERSION = 1.0;
				PRODUCT_BUNDLE_IDENTIFIER = DreamTeam.MapRouteApp;
				PRODUCT_NAME = "$(TARGET_NAME)";
				SUPPORTED_PLATFORMS = "iphoneos iphonesimulator";
				SUPPORTS_MACCATALYST = NO;
				SUPPORTS_MAC_DESIGNED_FOR_IPHONE_IPAD = NO;
				SWIFT_EMIT_LOC_STRINGS = YES;
				SWIFT_VERSION = 5.0;
				TARGETED_DEVICE_FAMILY = 1;
			};
			name = Debug;
		};
		2E3748282994078B005A6DBE /* Release */ = {
			isa = XCBuildConfiguration;
			buildSettings = {
				ASSETCATALOG_COMPILER_APPICON_NAME = AppIcon;
				ASSETCATALOG_COMPILER_GLOBAL_ACCENT_COLOR_NAME = AccentColor;
				CODE_SIGN_STYLE = Automatic;
				CURRENT_PROJECT_VERSION = 1;
				DEVELOPMENT_TEAM = N2GA73W9DP;
				GENERATE_INFOPLIST_FILE = YES;
				INFOPLIST_FILE = MapRouteApp/Info.plist;
				INFOPLIST_KEY_UIApplicationSupportsIndirectInputEvents = YES;
				INFOPLIST_KEY_UILaunchStoryboardName = LaunchScreen;
				INFOPLIST_KEY_UISupportedInterfaceOrientations = UIInterfaceOrientationPortrait;
				INFOPLIST_KEY_UISupportedInterfaceOrientations_iPad = "UIInterfaceOrientationLandscapeLeft UIInterfaceOrientationLandscapeRight UIInterfaceOrientationPortrait UIInterfaceOrientationPortraitUpsideDown";
				IPHONEOS_DEPLOYMENT_TARGET = 15.0;
				LD_RUNPATH_SEARCH_PATHS = (
					"$(inherited)",
					"@executable_path/Frameworks",
				);
				MARKETING_VERSION = 1.0;
				PRODUCT_BUNDLE_IDENTIFIER = DreamTeam.MapRouteApp;
				PRODUCT_NAME = "$(TARGET_NAME)";
				SUPPORTED_PLATFORMS = "iphoneos iphonesimulator";
				SUPPORTS_MACCATALYST = NO;
				SUPPORTS_MAC_DESIGNED_FOR_IPHONE_IPAD = NO;
				SWIFT_EMIT_LOC_STRINGS = YES;
				SWIFT_VERSION = 5.0;
				TARGETED_DEVICE_FAMILY = 1;
			};
			name = Release;
		};
/* End XCBuildConfiguration section */

/* Begin XCConfigurationList section */
		2E37480D2994078A005A6DBE /* Build configuration list for PBXProject "MapRouteApp" */ = {
			isa = XCConfigurationList;
			buildConfigurations = (
				2E3748242994078B005A6DBE /* Debug */,
				2E3748252994078B005A6DBE /* Release */,
			);
			defaultConfigurationIsVisible = 0;
			defaultConfigurationName = Release;
		};
		2E3748262994078B005A6DBE /* Build configuration list for PBXNativeTarget "MapRouteApp" */ = {
			isa = XCConfigurationList;
			buildConfigurations = (
				2E3748272994078B005A6DBE /* Debug */,
				2E3748282994078B005A6DBE /* Release */,
			);
			defaultConfigurationIsVisible = 0;
			defaultConfigurationName = Release;
		};
/* End XCConfigurationList section */
	};
	rootObject = 2E37480A2994078A005A6DBE /* Project object */;
}
